
Microsoft Visual Studio Solution File, Format Version 12.00
# Visual Studio Version 17
VisualStudioVersion = 17.3.32922.545
MinimumVisualStudioVersion = 10.0.40219.1
Project("{9A19103F-16F7-4668-BE54-9A1E7A4F7556}") = "AbstractFactory", "AbstractFactory\AbstractFactory.csproj", "{3F4E80A9-4DC7-41F3-BEC1-65A13ED9E236}"
EndProject
Project("{9A19103F-16F7-4668-BE54-9A1E7A4F7556}") = "Adapter", "Adapter\Adapter.csproj", "{8BD863A9-AC8B-434B-A4B8-6D41DFCDE350}"
EndProject
Project("{FAE04EC0-301F-11D3-BF4B-00C04F79EFBC}") = "Strategy", "Strategy\Strategy.csproj", "{C9FE431F-2ACC-4998-86FA-192E4B23B72C}"
EndProject
Global
	GlobalSection(SolutionConfigurationPlatforms) = preSolution
		Debug|Any CPU = Debug|Any CPU
		Release|Any CPU = Release|Any CPU
	EndGlobalSection
	GlobalSection(ProjectConfigurationPlatforms) = postSolution
		{3F4E80A9-4DC7-41F3-BEC1-65A13ED9E236}.Debug|Any CPU.ActiveCfg = Debug|Any CPU
		{3F4E80A9-4DC7-41F3-BEC1-65A13ED9E236}.Debug|Any CPU.Build.0 = Debug|Any CPU
		{3F4E80A9-4DC7-41F3-BEC1-65A13ED9E236}.Release|Any CPU.ActiveCfg = Release|Any CPU
		{3F4E80A9-4DC7-41F3-BEC1-65A13ED9E236}.Release|Any CPU.Build.0 = Release|Any CPU
		{8BD863A9-AC8B-434B-A4B8-6D41DFCDE350}.Debug|Any CPU.ActiveCfg = Debug|Any CPU
		{8BD863A9-AC8B-434B-A4B8-6D41DFCDE350}.Debug|Any CPU.Build.0 = Debug|Any CPU
		{8BD863A9-AC8B-434B-A4B8-6D41DFCDE350}.Release|Any CPU.ActiveCfg = Release|Any CPU
		{8BD863A9-AC8B-434B-A4B8-6D41DFCDE350}.Release|Any CPU.Build.0 = Release|Any CPU
		{C9FE431F-2ACC-4998-86FA-192E4B23B72C}.Debug|Any CPU.ActiveCfg = Debug|Any CPU
		{C9FE431F-2ACC-4998-86FA-192E4B23B72C}.Debug|Any CPU.Build.0 = Debug|Any CPU
		{C9FE431F-2ACC-4998-86FA-192E4B23B72C}.Release|Any CPU.ActiveCfg = Release|Any CPU
		{C9FE431F-2ACC-4998-86FA-192E4B23B72C}.Release|Any CPU.Build.0 = Release|Any CPU
	EndGlobalSection
	GlobalSection(SolutionProperties) = preSolution
		HideSolutionNode = FALSE
	EndGlobalSection
	GlobalSection(ExtensibilityGlobals) = postSolution
		SolutionGuid = {8F5F97F5-74AC-44D6-B1A0-7AC41FD89E43}
	EndGlobalSection
EndGlobal
